// !$*UTF8*$!
{
	archiveVersion = 1;
	classes = {
	};
	objectVersion = 46;
	objects = {

/* Begin PBXBuildFile section */
		C66A247D1E6BAAA4005B52CE /* AppDelegate.swift in Sources */ = {isa = PBXBuildFile; fileRef = C66A247C1E6BAAA4005B52CE /* AppDelegate.swift */; };
		C66A247F1E6BAAA4005B52CE /* ViewController.swift in Sources */ = {isa = PBXBuildFile; fileRef = C66A247E1E6BAAA4005B52CE /* ViewController.swift */; };
		C66A24821E6BAAA4005B52CE /* Main.storyboard in Resources */ = {isa = PBXBuildFile; fileRef = C66A24801E6BAAA4005B52CE /* Main.storyboard */; };
		C66A24841E6BAAA4005B52CE /* Assets.xcassets in Resources */ = {isa = PBXBuildFile; fileRef = C66A24831E6BAAA4005B52CE /* Assets.xcassets */; };
		C66A24871E6BAAA4005B52CE /* LaunchScreen.storyboard in Resources */ = {isa = PBXBuildFile; fileRef = C66A24851E6BAAA4005B52CE /* LaunchScreen.storyboard */; };
		C66A24921E6BAAA4005B52CE /* yogaTests.swift in Sources */ = {isa = PBXBuildFile; fileRef = C66A24911E6BAAA4005B52CE /* yogaTests.swift */; };
		C66A249D1E6BAAA4005B52CE /* yogaUITests.swift in Sources */ = {isa = PBXBuildFile; fileRef = C66A249C1E6BAAA4005B52CE /* yogaUITests.swift */; };
/* End PBXBuildFile section */

/* Begin PBXContainerItemProxy section */
		C66A248E1E6BAAA4005B52CE /* PBXContainerItemProxy */ = {
			isa = PBXContainerItemProxy;
			containerPortal = C66A24711E6BAAA3005B52CE /* Project object */;
			proxyType = 1;
			remoteGlobalIDString = C66A24781E6BAAA3005B52CE;
			remoteInfo = yoga;
		};
		C66A24991E6BAAA4005B52CE /* PBXContainerItemProxy */ = {
			isa = PBXContainerItemProxy;
			containerPortal = C66A24711E6BAAA3005B52CE /* Project object */;
			proxyType = 1;
			remoteGlobalIDString = C66A24781E6BAAA3005B52CE;
			remoteInfo = yoga;
		};
/* End PBXContainerItemProxy section */

/* Begin PBXFileReference section */
		C66A24791E6BAAA4005B52CE /* yoga.app */ = {isa = PBXFileReference; explicitFileType = wrapper.application; includeInIndex = 0; path = yoga.app; sourceTree = BUILT_PRODUCTS_DIR; };
		C66A247C1E6BAAA4005B52CE /* AppDelegate.swift */ = {isa = PBXFileReference; lastKnownFileType = sourcecode.swift; path = AppDelegate.swift; sourceTree = "<group>"; };
		C66A247E1E6BAAA4005B52CE /* ViewController.swift */ = {isa = PBXFileReference; lastKnownFileType = sourcecode.swift; path = ViewController.swift; sourceTree = "<group>"; };
		C66A24811E6BAAA4005B52CE /* Base */ = {isa = PBXFileReference; lastKnownFileType = file.storyboard; name = Base; path = Base.lproj/Main.storyboard; sourceTree = "<group>"; };
		C66A24831E6BAAA4005B52CE /* Assets.xcassets */ = {isa = PBXFileReference; lastKnownFileType = folder.assetcatalog; path = Assets.xcassets; sourceTree = "<group>"; };
		C66A24861E6BAAA4005B52CE /* Base */ = {isa = PBXFileReference; lastKnownFileType = file.storyboard; name = Base; path = Base.lproj/LaunchScreen.storyboard; sourceTree = "<group>"; };
		C66A24881E6BAAA4005B52CE /* Info.plist */ = {isa = PBXFileReference; lastKnownFileType = text.plist.xml; path = Info.plist; sourceTree = "<group>"; };
		C66A248D1E6BAAA4005B52CE /* yogaTests.xctest */ = {isa = PBXFileReference; explicitFileType = wrapper.cfbundle; includeInIndex = 0; path = yogaTests.xctest; sourceTree = BUILT_PRODUCTS_DIR; };
		C66A24911E6BAAA4005B52CE /* yogaTests.swift */ = {isa = PBXFileReference; lastKnownFileType = sourcecode.swift; path = yogaTests.swift; sourceTree = "<group>"; };
		C66A24931E6BAAA4005B52CE /* Info.plist */ = {isa = PBXFileReference; lastKnownFileType = text.plist.xml; path = Info.plist; sourceTree = "<group>"; };
		C66A24981E6BAAA4005B52CE /* yogaUITests.xctest */ = {isa = PBXFileReference; explicitFileType = wrapper.cfbundle; includeInIndex = 0; path = yogaUITests.xctest; sourceTree = BUILT_PRODUCTS_DIR; };
		C66A249C1E6BAAA4005B52CE /* yogaUITests.swift */ = {isa = PBXFileReference; lastKnownFileType = sourcecode.swift; path = yogaUITests.swift; sourceTree = "<group>"; };
		C66A249E1E6BAAA4005B52CE /* Info.plist */ = {isa = PBXFileReference; lastKnownFileType = text.plist.xml; path = Info.plist; sourceTree = "<group>"; };
/* End PBXFileReference section */

/* Begin PBXFrameworksBuildPhase section */
		C66A24761E6BAAA3005B52CE /* Frameworks */ = {
			isa = PBXFrameworksBuildPhase;
			buildActionMask = 2147483647;
			files = (
			);
			runOnlyForDeploymentPostprocessing = 0;
		};
		C66A248A1E6BAAA4005B52CE /* Frameworks */ = {
			isa = PBXFrameworksBuildPhase;
			buildActionMask = 2147483647;
			files = (
			);
			runOnlyForDeploymentPostprocessing = 0;
		};
		C66A24951E6BAAA4005B52CE /* Frameworks */ = {
			isa = PBXFrameworksBuildPhase;
			buildActionMask = 2147483647;
			files = (
			);
			runOnlyForDeploymentPostprocessing = 0;
		};
/* End PBXFrameworksBuildPhase section */

/* Begin PBXGroup section */
		C66A24701E6BAAA3005B52CE = {
			isa = PBXGroup;
			children = (
				C66A247B1E6BAAA4005B52CE /* yoga */,
				C66A24901E6BAAA4005B52CE /* yogaTests */,
				C66A249B1E6BAAA4005B52CE /* yogaUITests */,
				C66A247A1E6BAAA4005B52CE /* Products */,
			);
			sourceTree = "<group>";
		};
		C66A247A1E6BAAA4005B52CE /* Products */ = {
			isa = PBXGroup;
			children = (
				C66A24791E6BAAA4005B52CE /* yoga.app */,
				C66A248D1E6BAAA4005B52CE /* yogaTests.xctest */,
				C66A24981E6BAAA4005B52CE /* yogaUITests.xctest */,
			);
			name = Products;
			sourceTree = "<group>";
		};
		C66A247B1E6BAAA4005B52CE /* yoga */ = {
			isa = PBXGroup;
			children = (
				C66A247C1E6BAAA4005B52CE /* AppDelegate.swift */,
				C66A247E1E6BAAA4005B52CE /* ViewController.swift */,
				C66A24801E6BAAA4005B52CE /* Main.storyboard */,
				C66A24831E6BAAA4005B52CE /* Assets.xcassets */,
				C66A24851E6BAAA4005B52CE /* LaunchScreen.storyboard */,
				C66A24881E6BAAA4005B52CE /* Info.plist */,
			);
			path = yoga;
			sourceTree = "<group>";
		};
		C66A24901E6BAAA4005B52CE /* yogaTests */ = {
			isa = PBXGroup;
			children = (
				C66A24911E6BAAA4005B52CE /* yogaTests.swift */,
				C66A24931E6BAAA4005B52CE /* Info.plist */,
			);
			path = yogaTests;
			sourceTree = "<group>";
		};
		C66A249B1E6BAAA4005B52CE /* yogaUITests */ = {
			isa = PBXGroup;
			children = (
				C66A249C1E6BAAA4005B52CE /* yogaUITests.swift */,
				C66A249E1E6BAAA4005B52CE /* Info.plist */,
			);
			path = yogaUITests;
			sourceTree = "<group>";
		};
/* End PBXGroup section */

/* Begin PBXNativeTarget section */
		C66A24781E6BAAA3005B52CE /* yoga */ = {
			isa = PBXNativeTarget;
			buildConfigurationList = C66A24A11E6BAAA4005B52CE /* Build configuration list for PBXNativeTarget "yoga" */;
			buildPhases = (
				C66A24751E6BAAA3005B52CE /* Sources */,
				C66A24761E6BAAA3005B52CE /* Frameworks */,
				C66A24771E6BAAA3005B52CE /* Resources */,
			);
			buildRules = (
			);
			dependencies = (
			);
			name = yoga;
			productName = yoga;
			productReference = C66A24791E6BAAA4005B52CE /* yoga.app */;
			productType = "com.apple.product-type.application";
		};
		C66A248C1E6BAAA4005B52CE /* yogaTests */ = {
			isa = PBXNativeTarget;
			buildConfigurationList = C66A24A41E6BAAA4005B52CE /* Build configuration list for PBXNativeTarget "yogaTests" */;
			buildPhases = (
				C66A24891E6BAAA4005B52CE /* Sources */,
				C66A248A1E6BAAA4005B52CE /* Frameworks */,
				C66A248B1E6BAAA4005B52CE /* Resources */,
			);
			buildRules = (
			);
			dependencies = (
				C66A248F1E6BAAA4005B52CE /* PBXTargetDependency */,
			);
			name = yogaTests;
			productName = yogaTests;
			productReference = C66A248D1E6BAAA4005B52CE /* yogaTests.xctest */;
			productType = "com.apple.product-type.bundle.unit-test";
		};
		C66A24971E6BAAA4005B52CE /* yogaUITests */ = {
			isa = PBXNativeTarget;
			buildConfigurationList = C66A24A71E6BAAA4005B52CE /* Build configuration list for PBXNativeTarget "yogaUITests" */;
			buildPhases = (
				C66A24941E6BAAA4005B52CE /* Sources */,
				C66A24951E6BAAA4005B52CE /* Frameworks */,
				C66A24961E6BAAA4005B52CE /* Resources */,
			);
			buildRules = (
			);
			dependencies = (
				C66A249A1E6BAAA4005B52CE /* PBXTargetDependency */,
			);
			name = yogaUITests;
			productName = yogaUITests;
			productReference = C66A24981E6BAAA4005B52CE /* yogaUITests.xctest */;
			productType = "com.apple.product-type.bundle.ui-testing";
		};
/* End PBXNativeTarget section */

/* Begin PBXProject section */
		C66A24711E6BAAA3005B52CE /* Project object */ = {
			isa = PBXProject;
			attributes = {
				LastSwiftUpdateCheck = 0820;
				LastUpgradeCheck = 0820;
				ORGANIZATIONNAME = "gautham elango";
				TargetAttributes = {
					C66A24781E6BAAA3005B52CE = {
						CreatedOnToolsVersion = 8.2.1;
						ProvisioningStyle = Automatic;
					};
					C66A248C1E6BAAA4005B52CE = {
						CreatedOnToolsVersion = 8.2.1;
						ProvisioningStyle = Automatic;
						TestTargetID = C66A24781E6BAAA3005B52CE;
					};
					C66A24971E6BAAA4005B52CE = {
						CreatedOnToolsVersion = 8.2.1;
						ProvisioningStyle = Automatic;
						TestTargetID = C66A24781E6BAAA3005B52CE;
					};
				};
			};
			buildConfigurationList = C66A24741E6BAAA3005B52CE /* Build configuration list for PBXProject "yoga" */;
			compatibilityVersion = "Xcode 3.2";
			developmentRegion = English;
			hasScannedForEncodings = 0;
			knownRegions = (
				en,
				Base,
			);
			mainGroup = C66A24701E6BAAA3005B52CE;
			productRefGroup = C66A247A1E6BAAA4005B52CE /* Products */;
			projectDirPath = "";
			projectRoot = "";
			targets = (
				C66A24781E6BAAA3005B52CE /* yoga */,
				C66A248C1E6BAAA4005B52CE /* yogaTests */,
				C66A24971E6BAAA4005B52CE /* yogaUITests */,
			);
		};
/* End PBXProject section */

/* Begin PBXResourcesBuildPhase section */
		C66A24771E6BAAA3005B52CE /* Resources */ = {
			isa = PBXResourcesBuildPhase;
			buildActionMask = 2147483647;
			files = (
				C66A24871E6BAAA4005B52CE /* LaunchScreen.storyboard in Resources */,
				C66A24841E6BAAA4005B52CE /* Assets.xcassets in Resources */,
				C66A24821E6BAAA4005B52CE /* Main.storyboard in Resources */,
			);
			runOnlyForDeploymentPostprocessing = 0;
		};
		C66A248B1E6BAAA4005B52CE /* Resources */ = {
			isa = PBXResourcesBuildPhase;
			buildActionMask = 2147483647;
			files = (
			);
			runOnlyForDeploymentPostprocessing = 0;
		};
		C66A24961E6BAAA4005B52CE /* Resources */ = {
			isa = PBXResourcesBuildPhase;
			buildActionMask = 2147483647;
			files = (
			);
			runOnlyForDeploymentPostprocessing = 0;
		};
/* End PBXResourcesBuildPhase section */

/* Begin PBXSourcesBuildPhase section */
		C66A24751E6BAAA3005B52CE /* Sources */ = {
			isa = PBXSourcesBuildPhase;
			buildActionMask = 2147483647;
			files = (
				C66A247F1E6BAAA4005B52CE /* ViewController.swift in Sources */,
				C66A247D1E6BAAA4005B52CE /* AppDelegate.swift in Sources */,
			);
			runOnlyForDeploymentPostprocessing = 0;
		};
		C66A24891E6BAAA4005B52CE /* Sources */ = {
			isa = PBXSourcesBuildPhase;
			buildActionMask = 2147483647;
			files = (
				C66A24921E6BAAA4005B52CE /* yogaTests.swift in Sources */,
			);
			runOnlyForDeploymentPostprocessing = 0;
		};
		C66A24941E6BAAA4005B52CE /* Sources */ = {
			isa = PBXSourcesBuildPhase;
			buildActionMask = 2147483647;
			files = (
				C66A249D1E6BAAA4005B52CE /* yogaUITests.swift in Sources */,
			);
			runOnlyForDeploymentPostprocessing = 0;
		};
/* End PBXSourcesBuildPhase section */

/* Begin PBXTargetDependency section */
		C66A248F1E6BAAA4005B52CE /* PBXTargetDependency */ = {
			isa = PBXTargetDependency;
			target = C66A24781E6BAAA3005B52CE /* yoga */;
			targetProxy = C66A248E1E6BAAA4005B52CE /* PBXContainerItemProxy */;
		};
		C66A249A1E6BAAA4005B52CE /* PBXTargetDependency */ = {
			isa = PBXTargetDependency;
			target = C66A24781E6BAAA3005B52CE /* yoga */;
			targetProxy = C66A24991E6BAAA4005B52CE /* PBXContainerItemProxy */;
		};
/* End PBXTargetDependency section */

/* Begin PBXVariantGroup section */
		C66A24801E6BAAA4005B52CE /* Main.storyboard */ = {
			isa = PBXVariantGroup;
			children = (
				C66A24811E6BAAA4005B52CE /* Base */,
			);
			name = Main.storyboard;
			sourceTree = "<group>";
		};
		C66A24851E6BAAA4005B52CE /* LaunchScreen.storyboard */ = {
			isa = PBXVariantGroup;
			children = (
				C66A24861E6BAAA4005B52CE /* Base */,
			);
			name = LaunchScreen.storyboard;
			sourceTree = "<group>";
		};
/* End PBXVariantGroup section */

/* Begin XCBuildConfiguration section */
		C66A249F1E6BAAA4005B52CE /* Debug */ = {
			isa = XCBuildConfiguration;
			buildSettings = {
				ALWAYS_SEARCH_USER_PATHS = NO;
				CLANG_ANALYZER_NONNULL = YES;
				CLANG_CXX_LANGUAGE_STANDARD = "gnu++0x";
				CLANG_CXX_LIBRARY = "libc++";
				CLANG_ENABLE_MODULES = YES;
				CLANG_ENABLE_OBJC_ARC = YES;
				CLANG_WARN_BOOL_CONVERSION = YES;
				CLANG_WARN_CONSTANT_CONVERSION = YES;
				CLANG_WARN_DIRECT_OBJC_ISA_USAGE = YES_ERROR;
				CLANG_WARN_DOCUMENTATION_COMMENTS = YES;
				CLANG_WARN_EMPTY_BODY = YES;
				CLANG_WARN_ENUM_CONVERSION = YES;
				CLANG_WARN_INFINITE_RECURSION = YES;
				CLANG_WARN_INT_CONVERSION = YES;
				CLANG_WARN_OBJC_ROOT_CLASS = YES_ERROR;
				CLANG_WARN_SUSPICIOUS_MOVE = YES;
				CLANG_WARN_UNREACHABLE_CODE = YES;
				CLANG_WARN__DUPLICATE_METHOD_MATCH = YES;
				"CODE_SIGN_IDENTITY[sdk=iphoneos*]" = "iPhone Developer";
				COPY_PHASE_STRIP = NO;
				DEBUG_INFORMATION_FORMAT = dwarf;
				ENABLE_STRICT_OBJC_MSGSEND = YES;
				ENABLE_TESTABILITY = YES;
				GCC_C_LANGUAGE_STANDARD = gnu99;
				GCC_DYNAMIC_NO_PIC = NO;
				GCC_NO_COMMON_BLOCKS = YES;
				GCC_OPTIMIZATION_LEVEL = 0;
				GCC_PREPROCESSOR_DEFINITIONS = (
					"DEBUG=1",
					"$(inherited)",
				);
				GCC_WARN_64_TO_32_BIT_CONVERSION = YES;
				GCC_WARN_ABOUT_RETURN_TYPE = YES_ERROR;
				GCC_WARN_UNDECLARED_SELECTOR = YES;
				GCC_WARN_UNINITIALIZED_AUTOS = YES_AGGRESSIVE;
				GCC_WARN_UNUSED_FUNCTION = YES;
				GCC_WARN_UNUSED_VARIABLE = YES;
				IPHONEOS_DEPLOYMENT_TARGET = 10.2;
				MTL_ENABLE_DEBUG_INFO = YES;
				ONLY_ACTIVE_ARCH = YES;
				SDKROOT = iphoneos;
				SWIFT_ACTIVE_COMPILATION_CONDITIONS = DEBUG;
				SWIFT_OPTIMIZATION_LEVEL = "-Onone";
				TARGETED_DEVICE_FAMILY = "1,2";
			};
			name = Debug;
		};
		C66A24A01E6BAAA4005B52CE /* Release */ = {
			isa = XCBuildConfiguration;
			buildSettings = {
				ALWAYS_SEARCH_USER_PATHS = NO;
				CLANG_ANALYZER_NONNULL = YES;
				CLANG_CXX_LANGUAGE_STANDARD = "gnu++0x";
				CLANG_CXX_LIBRARY = "libc++";
				CLANG_ENABLE_MODULES = YES;
				CLANG_ENABLE_OBJC_ARC = YES;
				CLANG_WARN_BOOL_CONVERSION = YES;
				CLANG_WARN_CONSTANT_CONVERSION = YES;
				CLANG_WARN_DIRECT_OBJC_ISA_USAGE = YES_ERROR;
				CLANG_WARN_DOCUMENTATION_COMMENTS = YES;
				CLANG_WARN_EMPTY_BODY = YES;
				CLANG_WARN_ENUM_CONVERSION = YES;
				CLANG_WARN_INFINITE_RECURSION = YES;
				CLANG_WARN_INT_CONVERSION = YES;
				CLANG_WARN_OBJC_ROOT_CLASS = YES_ERROR;
				CLANG_WARN_SUSPICIOUS_MOVE = YES;
				CLANG_WARN_UNREACHABLE_CODE = YES;
				CLANG_WARN__DUPLICATE_METHOD_MATCH = YES;
				"CODE_SIGN_IDENTITY[sdk=iphoneos*]" = "iPhone Developer";
				COPY_PHASE_STRIP = NO;
				DEBUG_INFORMATION_FORMAT = "dwarf-with-dsym";
				ENABLE_NS_ASSERTIONS = NO;
				ENABLE_STRICT_OBJC_MSGSEND = YES;
				GCC_C_LANGUAGE_STANDARD = gnu99;
				GCC_NO_COMMON_BLOCKS = YES;
				GCC_WARN_64_TO_32_BIT_CONVERSION = YES;
				GCC_WARN_ABOUT_RETURN_TYPE = YES_ERROR;
				GCC_WARN_UNDECLARED_SELECTOR = YES;
				GCC_WARN_UNINITIALIZED_AUTOS = YES_AGGRESSIVE;
				GCC_WARN_UNUSED_FUNCTION = YES;
				GCC_WARN_UNUSED_VARIABLE = YES;
				IPHONEOS_DEPLOYMENT_TARGET = 10.2;
				MTL_ENABLE_DEBUG_INFO = NO;
				SDKROOT = iphoneos;
				SWIFT_OPTIMIZATION_LEVEL = "-Owholemodule";
				TARGETED_DEVICE_FAMILY = "1,2";
				VALIDATE_PRODUCT = YES;
			};
			name = Release;
		};
		C66A24A21E6BAAA4005B52CE /* Debug */ = {
			isa = XCBuildConfiguration;
			buildSettings = {
				ASSETCATALOG_COMPILER_APPICON_NAME = AppIcon;
				INFOPLIST_FILE = yoga/Info.plist;
				LD_RUNPATH_SEARCH_PATHS = "$(inherited) @executable_path/Frameworks";
				PRODUCT_BUNDLE_IDENTIFIER = co.gcubed.yoga;
				PRODUCT_NAME = "$(TARGET_NAME)";
				SWIFT_VERSION = 3.0;
			};
			name = Debug;
		};
		C66A24A31E6BAAA4005B52CE /* Release */ = {
			isa = XCBuildConfiguration;
			buildSettings = {
				ASSETCATALOG_COMPILER_APPICON_NAME = AppIcon;
				INFOPLIST_FILE = yoga/Info.plist;
				LD_RUNPATH_SEARCH_PATHS = "$(inherited) @executable_path/Frameworks";
				PRODUCT_BUNDLE_IDENTIFIER = co.gcubed.yoga;
				PRODUCT_NAME = "$(TARGET_NAME)";
				SWIFT_VERSION = 3.0;
			};
			name = Release;
		};
		C66A24A51E6BAAA4005B52CE /* Debug */ = {
			isa = XCBuildConfiguration;
			buildSettings = {
				ALWAYS_EMBED_SWIFT_STANDARD_LIBRARIES = YES;
				BUNDLE_LOADER = "$(TEST_HOST)";
				INFOPLIST_FILE = yogaTests/Info.plist;
				LD_RUNPATH_SEARCH_PATHS = "$(inherited) @executable_path/Frameworks @loader_path/Frameworks";
				PRODUCT_BUNDLE_IDENTIFIER = co.gcubed.yogaTests;
				PRODUCT_NAME = "$(TARGET_NAME)";
				SWIFT_VERSION = 3.0;
				TEST_HOST = "$(BUILT_PRODUCTS_DIR)/yoga.app/yoga";
			};
			name = Debug;
		};
		C66A24A61E6BAAA4005B52CE /* Release */ = {
			isa = XCBuildConfiguration;
			buildSettings = {
				ALWAYS_EMBED_SWIFT_STANDARD_LIBRARIES = YES;
				BUNDLE_LOADER = "$(TEST_HOST)";
				INFOPLIST_FILE = yogaTests/Info.plist;
				LD_RUNPATH_SEARCH_PATHS = "$(inherited) @executable_path/Frameworks @loader_path/Frameworks";
				PRODUCT_BUNDLE_IDENTIFIER = co.gcubed.yogaTests;
				PRODUCT_NAME = "$(TARGET_NAME)";
				SWIFT_VERSION = 3.0;
				TEST_HOST = "$(BUILT_PRODUCTS_DIR)/yoga.app/yoga";
			};
			name = Release;
		};
		C66A24A81E6BAAA4005B52CE /* Debug */ = {
			isa = XCBuildConfiguration;
			buildSettings = {
				ALWAYS_EMBED_SWIFT_STANDARD_LIBRARIES = YES;
				INFOPLIST_FILE = yogaUITests/Info.plist;
				LD_RUNPATH_SEARCH_PATHS = "$(inherited) @executable_path/Frameworks @loader_path/Frameworks";
				PRODUCT_BUNDLE_IDENTIFIER = co.gcubed.yogaUITests;
				PRODUCT_NAME = "$(TARGET_NAME)";
				SWIFT_VERSION = 3.0;
				TEST_TARGET_NAME = yoga;
			};
			name = Debug;
		};
		C66A24A91E6BAAA4005B52CE /* Release */ = {
			isa = XCBuildConfiguration;
			buildSettings = {
				ALWAYS_EMBED_SWIFT_STANDARD_LIBRARIES = YES;
				INFOPLIST_FILE = yogaUITests/Info.plist;
				LD_RUNPATH_SEARCH_PATHS = "$(inherited) @executable_path/Frameworks @loader_path/Frameworks";
				PRODUCT_BUNDLE_IDENTIFIER = co.gcubed.yogaUITests;
				PRODUCT_NAME = "$(TARGET_NAME)";
				SWIFT_VERSION = 3.0;
				TEST_TARGET_NAME = yoga;
			};
			name = Release;
		};
/* End XCBuildConfiguration section */

/* Begin XCConfigurationList section */
		C66A24741E6BAAA3005B52CE /* Build configuration list for PBXProject "yoga" */ = {
			isa = XCConfigurationList;
			buildConfigurations = (
				C66A249F1E6BAAA4005B52CE /* Debug */,
				C66A24A01E6BAAA4005B52CE /* Release */,
			);
			defaultConfigurationIsVisible = 0;
			defaultConfigurationName = Release;
		};
		C66A24A11E6BAAA4005B52CE /* Build configuration list for PBXNativeTarget "yoga" */ = {
			isa = XCConfigurationList;
			buildConfigurations = (
				C66A24A21E6BAAA4005B52CE /* Debug */,
				C66A24A31E6BAAA4005B52CE /* Release */,
			);
			defaultConfigurationIsVisible = 0;
		};
		C66A24A41E6BAAA4005B52CE /* Build configuration list for PBXNativeTarget "yogaTests" */ = {
			isa = XCConfigurationList;
			buildConfigurations = (
				C66A24A51E6BAAA4005B52CE /* Debug */,
				C66A24A61E6BAAA4005B52CE /* Release */,
			);
			defaultConfigurationIsVisible = 0;
		};
		C66A24A71E6BAAA4005B52CE /* Build configuration list for PBXNativeTarget "yogaUITests" */ = {
			isa = XCConfigurationList;
			buildConfigurations = (
				C66A24A81E6BAAA4005B52CE /* Debug */,
				C66A24A91E6BAAA4005B52CE /* Release */,
			);
			defaultConfigurationIsVisible = 0;
		};
/* End XCConfigurationList section */
	};
	rootObject = C66A24711E6BAAA3005B52CE /* Project object */;
}
